
Microsoft Visual Studio Solution File, Format Version 12.00
# Visual Studio Version 16
VisualStudioVersion = 16.0.35731.53
MinimumVisualStudioVersion = 10.0.40219.1
Project("{FAE04EC0-301F-11D3-BF4B-00C04F79EFBC}") = "classes_number_20", "classes_number_20.csproj", "{F80BBB5F-B2C9-400B-9E9C-A3714B14E715}"
EndProject
Global
	GlobalSection(SolutionConfigurationPlatforms) = preSolution
		Debug|Any CPU = Debug|Any CPU
		Release|Any CPU = Release|Any CPU
	EndGlobalSection
	GlobalSection(ProjectConfigurationPlatforms) = postSolution
		{F80BBB5F-B2C9-400B-9E9C-A3714B14E715}.Debug|Any CPU.ActiveCfg = Debug|Any CPU
		{F80BBB5F-B2C9-400B-9E9C-A3714B14E715}.Debug|Any CPU.Build.0 = Debug|Any CPU
		{F80BBB5F-B2C9-400B-9E9C-A3714B14E715}.Release|Any CPU.ActiveCfg = Release|Any CPU
		{F80BBB5F-B2C9-400B-9E9C-A3714B14E715}.Release|Any CPU.Build.0 = Release|Any CPU
	EndGlobalSection
	GlobalSection(SolutionProperties) = preSolution
		HideSolutionNode = FALSE
	EndGlobalSection
	GlobalSection(ExtensibilityGlobals) = postSolution
		SolutionGuid = {F131D16D-4F44-4235-A58C-BEA9E6B8629A}
	EndGlobalSection
EndGlobal
